<Solution>
  <Folder Name="/Backend/">
    <Project Path="Backend/API/API.csproj" />
    <Project Path="Backend/Application/Application.csproj" />
    <Project Path="Backend/Domain/Domain.csproj" />
    <Project Path="Backend/Infrastructure/Infrastructure.csproj" />
  </Folder>
  <Project Path="docker-compose.dcproj">
    <Build />
  </Project>
</Solution>
